
Microsoft Visual Studio Solution File, Format Version 12.00
# Visual Studio 15
VisualStudioVersion = 15.0.28307.136
MinimumVisualStudioVersion = 10.0.40219.1
Project("{FAE04EC0-301F-11D3-BF4B-00C04F79EFBC}") = "NetCoreDesktopBridgeApp", "NetCoreDesktopBridgeApp\NetCoreDesktopBridgeApp.csproj", "{0299ED03-DDB2-42FD-8EAE-67731EAFB20F}"
EndProject
Global
	GlobalSection(SolutionConfigurationPlatforms) = preSolution
		Debug|Any CPU = Debug|Any CPU
		Release|Any CPU = Release|Any CPU
	EndGlobalSection
	GlobalSection(ProjectConfigurationPlatforms) = postSolution
		{0299ED03-DDB2-42FD-8EAE-67731EAFB20F}.Debug|Any CPU.ActiveCfg = Debug|Any CPU
		{0299ED03-DDB2-42FD-8EAE-67731EAFB20F}.Debug|Any CPU.Build.0 = Debug|Any CPU
		{0299ED03-DDB2-42FD-8EAE-67731EAFB20F}.Release|Any CPU.ActiveCfg = Release|Any CPU
		{0299ED03-DDB2-42FD-8EAE-67731EAFB20F}.Release|Any CPU.Build.0 = Release|Any CPU
	EndGlobalSection
	GlobalSection(SolutionProperties) = preSolution
		HideSolutionNode = FALSE
	EndGlobalSection
	GlobalSection(ExtensibilityGlobals) = postSolution
		SolutionGuid = {832EA5EE-791D-41F7-93AE-1193C1E28003}
	EndGlobalSection
EndGlobal
